{
	"name": "@lostintime/funfix-issue-client",
	"version": "0.0.0",
	"lockfileVersion": 1,
	"requires": true,
	"dependencies": {
		"funfix": {
			"version": "7.0.1",
			"resolved": "https://registry.npmjs.org/funfix/-/funfix-7.0.1.tgz",
			"integrity": "sha1-qjO3FiKxi8ZVcHleH3UZnwm9rdo=",
			"requires": {
				"funfix-core": "^7.0.1",
				"funfix-effect": "^7.0.1",
				"funfix-exec": "^7.0.1",
				"funland": "^0.1.4"
			}
		},
		"funfix-core": {
			"version": "7.0.1",
			"resolved": "https://registry.npmjs.org/funfix-core/-/funfix-core-7.0.1.tgz",
			"integrity": "sha1-iUqfOe9YLF1tzJ7zhDgdEoGegJQ=",
			"requires": {
				"funland": "^0.1.4"
			}
		},
		"funfix-effect": {
			"version": "7.0.1",
			"resolved": "https://registry.npmjs.org/funfix-effect/-/funfix-effect-7.0.1.tgz",
			"integrity": "sha1-cV8MVaWa5SBZXafjn5qx4jlUQGk=",
			"requires": {
				"funfix-core": "^7.0.1",
				"funfix-exec": "^7.0.1",
				"funland": "^0.1.4"
			}
		},
		"funfix-exec": {
			"version": "7.0.1",
			"resolved": "https://registry.npmjs.org/funfix-exec/-/funfix-exec-7.0.1.tgz",
			"integrity": "sha1-guR27EopgXzLR0CxcAwKHZwXc04=",
			"requires": {
				"funfix-core": "^7.0.1",
				"funland": "^0.1.4"
			}
		},
		"funland": {
			"version": "0.1.4",
			"resolved": "https://registry.npmjs.org/funland/-/funland-0.1.4.tgz",
			"integrity": "sha512-K97O105t3hQrlj1qgeJAa+VFOHeREfKPaWy7Z5S6UdR87JuvizeIVEMj/AmtcUFOBTgzjD6mmhjKM4w2677q7A=="
		}
	}
}
