{
  "name": "@lostintime/funfix-issue",
  "version": "0.0.1",
  "lockfileVersion": 1,
  "requires": true,
  "dependencies": {
    "@lostintime/devcon-ts": {
      "version": "0.1.6",
      "resolved": "https://registry.npmjs.org/@lostintime/devcon-ts/-/devcon-ts-0.1.6.tgz",
      "integrity": "sha512-eN7bt1GKeJ2fQaKg1nJ+dVJI75RcuXcwxOCMEZerYYtDfz0XeiDjlpgYDdCcnhzKzdbL8JXNovWqXpYUF4ekWg==",
      "dev": true
    }
  }
}
